
Microsoft Visual Studio Solution File, Format Version 12.00
# Visual Studio Express 15 for Windows Desktop
VisualStudioVersion = 15.0.28307.1401
MinimumVisualStudioVersion = 10.0.40219.1
Project("{F184B08F-C81C-45F6-A57F-5ABD9991F28F}") = "Laboratorio1LaurGarcia", "Laboratorio1LaurGarcia\Laboratorio1LaurGarcia.vbproj", "{45F14C4B-AD7F-422D-80FB-DF0148252C84}"
EndProject
Global
	GlobalSection(SolutionConfigurationPlatforms) = preSolution
		Debug|Any CPU = Debug|Any CPU
		Release|Any CPU = Release|Any CPU
	EndGlobalSection
	GlobalSection(ProjectConfigurationPlatforms) = postSolution
		{45F14C4B-AD7F-422D-80FB-DF0148252C84}.Debug|Any CPU.ActiveCfg = Debug|Any CPU
		{45F14C4B-AD7F-422D-80FB-DF0148252C84}.Debug|Any CPU.Build.0 = Debug|Any CPU
		{45F14C4B-AD7F-422D-80FB-DF0148252C84}.Release|Any CPU.ActiveCfg = Release|Any CPU
		{45F14C4B-AD7F-422D-80FB-DF0148252C84}.Release|Any CPU.Build.0 = Release|Any CPU
	EndGlobalSection
	GlobalSection(SolutionProperties) = preSolution
		HideSolutionNode = FALSE
	EndGlobalSection
	GlobalSection(ExtensibilityGlobals) = postSolution
		SolutionGuid = {CFFE6007-FF3E-44D8-B88A-A8F9AEDF26E4}
	EndGlobalSection
EndGlobal
